// !$*UTF8*$!
{
	archiveVersion = 1;
	classes = {
	};
	objectVersion = 50;
	objects = {

/* Begin PBXBuildFile section */
		5A4B5B04E320934B27D6F0B3 /* Pods_SfeirConnect.framework in Frameworks */ = {isa = PBXBuildFile; fileRef = D47C83E64948C9ABE0F28634 /* Pods_SfeirConnect.framework */; };
		66F914B622705AE1009839FD /* AppDelegate.swift in Sources */ = {isa = PBXBuildFile; fileRef = 66F914B522705AE1009839FD /* AppDelegate.swift */; };
		66F914B822705AE1009839FD /* SignInViewController.swift in Sources */ = {isa = PBXBuildFile; fileRef = 66F914B722705AE1009839FD /* SignInViewController.swift */; };
		66F914BB22705AE1009839FD /* Main.storyboard in Resources */ = {isa = PBXBuildFile; fileRef = 66F914B922705AE1009839FD /* Main.storyboard */; };
		66F914BD22705AE2009839FD /* Assets.xcassets in Resources */ = {isa = PBXBuildFile; fileRef = 66F914BC22705AE2009839FD /* Assets.xcassets */; };
		66F914C022705AE2009839FD /* LaunchScreen.storyboard in Resources */ = {isa = PBXBuildFile; fileRef = 66F914BE22705AE2009839FD /* LaunchScreen.storyboard */; };
		66F914CA22705FA3009839FD /* R.generated.swift in Sources */ = {isa = PBXBuildFile; fileRef = 66F914C922705FA3009839FD /* R.generated.swift */; };
		66F914D82270AAFD009839FD /* DCButton.swift in Sources */ = {isa = PBXBuildFile; fileRef = 66F914D72270AAFD009839FD /* DCButton.swift */; };
		66F914DA2270AC92009839FD /* UIColor+DC.swift in Sources */ = {isa = PBXBuildFile; fileRef = 66F914D92270AC92009839FD /* UIColor+DC.swift */; };
		66F914DD2271A51D009839FD /* SignInViewController+Animation.swift in Sources */ = {isa = PBXBuildFile; fileRef = 66F914DC2271A51D009839FD /* SignInViewController+Animation.swift */; };
		66F914E22271B322009839FD /* GoogleService-Info.plist in Resources */ = {isa = PBXBuildFile; fileRef = 66F914E12271B322009839FD /* GoogleService-Info.plist */; };
/* End PBXBuildFile section */

/* Begin PBXFileReference section */
		66F914B222705AE1009839FD /* SfeirConnect.app */ = {isa = PBXFileReference; explicitFileType = wrapper.application; includeInIndex = 0; path = SfeirConnect.app; sourceTree = BUILT_PRODUCTS_DIR; };
		66F914B522705AE1009839FD /* AppDelegate.swift */ = {isa = PBXFileReference; lastKnownFileType = sourcecode.swift; path = AppDelegate.swift; sourceTree = "<group>"; };
		66F914B722705AE1009839FD /* SignInViewController.swift */ = {isa = PBXFileReference; lastKnownFileType = sourcecode.swift; path = SignInViewController.swift; sourceTree = "<group>"; };
		66F914BA22705AE1009839FD /* Base */ = {isa = PBXFileReference; lastKnownFileType = file.storyboard; name = Base; path = Base.lproj/Main.storyboard; sourceTree = "<group>"; };
		66F914BC22705AE2009839FD /* Assets.xcassets */ = {isa = PBXFileReference; lastKnownFileType = folder.assetcatalog; path = Assets.xcassets; sourceTree = "<group>"; };
		66F914BF22705AE2009839FD /* Base */ = {isa = PBXFileReference; lastKnownFileType = file.storyboard; name = Base; path = Base.lproj/LaunchScreen.storyboard; sourceTree = "<group>"; };
		66F914C122705AE2009839FD /* Info.plist */ = {isa = PBXFileReference; lastKnownFileType = text.plist.xml; path = Info.plist; sourceTree = "<group>"; };
		66F914C922705FA3009839FD /* R.generated.swift */ = {isa = PBXFileReference; fileEncoding = 4; lastKnownFileType = sourcecode.swift; path = R.generated.swift; sourceTree = "<group>"; };
		66F914D72270AAFD009839FD /* DCButton.swift */ = {isa = PBXFileReference; lastKnownFileType = sourcecode.swift; path = DCButton.swift; sourceTree = "<group>"; };
		66F914D92270AC92009839FD /* UIColor+DC.swift */ = {isa = PBXFileReference; lastKnownFileType = sourcecode.swift; path = "UIColor+DC.swift"; sourceTree = "<group>"; };
		66F914DC2271A51D009839FD /* SignInViewController+Animation.swift */ = {isa = PBXFileReference; lastKnownFileType = sourcecode.swift; path = "SignInViewController+Animation.swift"; sourceTree = "<group>"; };
		66F914E12271B322009839FD /* GoogleService-Info.plist */ = {isa = PBXFileReference; fileEncoding = 4; lastKnownFileType = text.plist.xml; path = "GoogleService-Info.plist"; sourceTree = "<group>"; };
		7235F8E6E42FB15C20E6A37D /* Pods-SfeirConnect.debug.xcconfig */ = {isa = PBXFileReference; includeInIndex = 1; lastKnownFileType = text.xcconfig; name = "Pods-SfeirConnect.debug.xcconfig"; path = "Pods/Target Support Files/Pods-SfeirConnect/Pods-SfeirConnect.debug.xcconfig"; sourceTree = "<group>"; };
		C4B3ED1C68B5515FE0F2795F /* Pods-SfeirConnect.release.xcconfig */ = {isa = PBXFileReference; includeInIndex = 1; lastKnownFileType = text.xcconfig; name = "Pods-SfeirConnect.release.xcconfig"; path = "Pods/Target Support Files/Pods-SfeirConnect/Pods-SfeirConnect.release.xcconfig"; sourceTree = "<group>"; };
		D47C83E64948C9ABE0F28634 /* Pods_SfeirConnect.framework */ = {isa = PBXFileReference; explicitFileType = wrapper.framework; includeInIndex = 0; path = Pods_SfeirConnect.framework; sourceTree = BUILT_PRODUCTS_DIR; };
/* End PBXFileReference section */

/* Begin PBXFrameworksBuildPhase section */
		66F914AF22705AE1009839FD /* Frameworks */ = {
			isa = PBXFrameworksBuildPhase;
			buildActionMask = 2147483647;
			files = (
				5A4B5B04E320934B27D6F0B3 /* Pods_SfeirConnect.framework in Frameworks */,
			);
			runOnlyForDeploymentPostprocessing = 0;
		};
/* End PBXFrameworksBuildPhase section */

/* Begin PBXGroup section */
		0DB683FC987054F6316127E6 /* Frameworks */ = {
			isa = PBXGroup;
			children = (
				D47C83E64948C9ABE0F28634 /* Pods_SfeirConnect.framework */,
			);
			name = Frameworks;
			sourceTree = "<group>";
		};
		5204B70E05420BC4698089BC /* Pods */ = {
			isa = PBXGroup;
			children = (
				7235F8E6E42FB15C20E6A37D /* Pods-SfeirConnect.debug.xcconfig */,
				C4B3ED1C68B5515FE0F2795F /* Pods-SfeirConnect.release.xcconfig */,
			);
			name = Pods;
			sourceTree = "<group>";
		};
		66F914A922705AE1009839FD = {
			isa = PBXGroup;
			children = (
				66F914DE2271B178009839FD /* FireBase */,
				66F914D122708BEC009839FD /* RSwfit */,
				66F914B422705AE1009839FD /* SfeirConnect */,
				66F914B322705AE1009839FD /* Products */,
				5204B70E05420BC4698089BC /* Pods */,
				0DB683FC987054F6316127E6 /* Frameworks */,
			);
			sourceTree = "<group>";
		};
		66F914B322705AE1009839FD /* Products */ = {
			isa = PBXGroup;
			children = (
				66F914B222705AE1009839FD /* SfeirConnect.app */,
			);
			name = Products;
			sourceTree = "<group>";
		};
		66F914B422705AE1009839FD /* SfeirConnect */ = {
			isa = PBXGroup;
			children = (
				66F914CF227081C9009839FD /* Common */,
				66F914D4227090E7009839FD /* Controller */,
				66F914CE227081BE009839FD /* Network */,
				66F914CD227081B6009839FD /* ModelView */,
				66F914CC227081B0009839FD /* View */,
				66F914CB22708178009839FD /* Model */,
				66F914B522705AE1009839FD /* AppDelegate.swift */,
				66F914BC22705AE2009839FD /* Assets.xcassets */,
				66F914C122705AE2009839FD /* Info.plist */,
			);
			path = SfeirConnect;
			sourceTree = "<group>";
		};
		66F914CB22708178009839FD /* Model */ = {
			isa = PBXGroup;
			children = (
			);
			path = Model;
			sourceTree = "<group>";
		};
		66F914CC227081B0009839FD /* View */ = {
			isa = PBXGroup;
			children = (
				66F914B922705AE1009839FD /* Main.storyboard */,
				66F914BE22705AE2009839FD /* LaunchScreen.storyboard */,
			);
			path = View;
			sourceTree = "<group>";
		};
		66F914CD227081B6009839FD /* ModelView */ = {
			isa = PBXGroup;
			children = (
			);
			path = ModelView;
			sourceTree = "<group>";
		};
		66F914CE227081BE009839FD /* Network */ = {
			isa = PBXGroup;
			children = (
			);
			path = Network;
			sourceTree = "<group>";
		};
		66F914CF227081C9009839FD /* Common */ = {
			isa = PBXGroup;
			children = (
				66F914D72270AAFD009839FD /* DCButton.swift */,
				66F914D92270AC92009839FD /* UIColor+DC.swift */,
			);
			path = Common;
			sourceTree = "<group>";
		};
		66F914D122708BEC009839FD /* RSwfit */ = {
			isa = PBXGroup;
			children = (
				66F914C922705FA3009839FD /* R.generated.swift */,
			);
			path = RSwfit;
			sourceTree = "<group>";
		};
		66F914D4227090E7009839FD /* Controller */ = {
			isa = PBXGroup;
			children = (
				66F914DB2271A4E2009839FD /* SignIN */,
			);
			path = Controller;
			sourceTree = "<group>";
		};
		66F914DB2271A4E2009839FD /* SignIN */ = {
			isa = PBXGroup;
			children = (
				66F914B722705AE1009839FD /* SignInViewController.swift */,
				66F914DC2271A51D009839FD /* SignInViewController+Animation.swift */,
			);
			path = SignIN;
			sourceTree = "<group>";
		};
		66F914DE2271B178009839FD /* FireBase */ = {
			isa = PBXGroup;
			children = (
				66F914E12271B322009839FD /* GoogleService-Info.plist */,
			);
			path = FireBase;
			sourceTree = "<group>";
		};
/* End PBXGroup section */

/* Begin PBXNativeTarget section */
		66F914B122705AE1009839FD /* SfeirConnect */ = {
			isa = PBXNativeTarget;
			buildConfigurationList = 66F914C422705AE2009839FD /* Build configuration list for PBXNativeTarget "SfeirConnect" */;
			buildPhases = (
				05593785C0E6F2A89919E16B /* [CP] Check Pods Manifest.lock */,
				66F914C822705DCC009839FD /* ShellScript */,
				66F914AE22705AE1009839FD /* Sources */,
				66F914AF22705AE1009839FD /* Frameworks */,
				66F914B022705AE1009839FD /* Resources */,
				3877FE40D58F921ADA92E742 /* [CP] Embed Pods Frameworks */,
				C920F8807B12F23F6118EFAB /* [CP] Copy Pods Resources */,
			);
			buildRules = (
			);
			dependencies = (
			);
			name = SfeirConnect;
			productName = SfeirConnect;
			productReference = 66F914B222705AE1009839FD /* SfeirConnect.app */;
			productType = "com.apple.product-type.application";
		};
/* End PBXNativeTarget section */

/* Begin PBXProject section */
		66F914AA22705AE1009839FD /* Project object */ = {
			isa = PBXProject;
			attributes = {
				LastSwiftUpdateCheck = 1020;
				LastUpgradeCheck = 1020;
				ORGANIZATIONNAME = "Ahmed ATIA";
				TargetAttributes = {
					66F914B122705AE1009839FD = {
						CreatedOnToolsVersion = 10.2.1;
					};
				};
			};
			buildConfigurationList = 66F914AD22705AE1009839FD /* Build configuration list for PBXProject "SfeirConnect" */;
			compatibilityVersion = "Xcode 9.3";
			developmentRegion = en;
			hasScannedForEncodings = 0;
			knownRegions = (
				en,
				Base,
			);
			mainGroup = 66F914A922705AE1009839FD;
			productRefGroup = 66F914B322705AE1009839FD /* Products */;
			projectDirPath = "";
			projectRoot = "";
			targets = (
				66F914B122705AE1009839FD /* SfeirConnect */,
			);
		};
/* End PBXProject section */

/* Begin PBXResourcesBuildPhase section */
		66F914B022705AE1009839FD /* Resources */ = {
			isa = PBXResourcesBuildPhase;
			buildActionMask = 2147483647;
			files = (
				66F914C022705AE2009839FD /* LaunchScreen.storyboard in Resources */,
				66F914E22271B322009839FD /* GoogleService-Info.plist in Resources */,
				66F914BD22705AE2009839FD /* Assets.xcassets in Resources */,
				66F914BB22705AE1009839FD /* Main.storyboard in Resources */,
			);
			runOnlyForDeploymentPostprocessing = 0;
		};
/* End PBXResourcesBuildPhase section */

/* Begin PBXShellScriptBuildPhase section */
		05593785C0E6F2A89919E16B /* [CP] Check Pods Manifest.lock */ = {
			isa = PBXShellScriptBuildPhase;
			buildActionMask = 2147483647;
			files = (
			);
			inputPaths = (
				"${PODS_PODFILE_DIR_PATH}/Podfile.lock",
				"${PODS_ROOT}/Manifest.lock",
			);
			name = "[CP] Check Pods Manifest.lock";
			outputPaths = (
				"$(DERIVED_FILE_DIR)/Pods-SfeirConnect-checkManifestLockResult.txt",
			);
			runOnlyForDeploymentPostprocessing = 0;
			shellPath = /bin/sh;
			shellScript = "diff \"${PODS_PODFILE_DIR_PATH}/Podfile.lock\" \"${PODS_ROOT}/Manifest.lock\" > /dev/null\nif [ $? != 0 ] ; then\n    # print error to STDERR\n    echo \"error: The sandbox is not in sync with the Podfile.lock. Run 'pod install' or update your CocoaPods installation.\" >&2\n    exit 1\nfi\n# This output is used by Xcode 'outputs' to avoid re-running this script phase.\necho \"SUCCESS\" > \"${SCRIPT_OUTPUT_FILE_0}\"\n";
			showEnvVarsInLog = 0;
		};
		3877FE40D58F921ADA92E742 /* [CP] Embed Pods Frameworks */ = {
			isa = PBXShellScriptBuildPhase;
			buildActionMask = 2147483647;
			files = (
			);
			inputPaths = (
				"${PODS_ROOT}/Target Support Files/Pods-SfeirConnect/Pods-SfeirConnect-frameworks.sh",
				"${BUILT_PRODUCTS_DIR}/GoogleUtilities/GoogleUtilities.framework",
				"${BUILT_PRODUCTS_DIR}/R.swift.Library/Rswift.framework",
				"${BUILT_PRODUCTS_DIR}/nanopb/nanopb.framework",
			);
			name = "[CP] Embed Pods Frameworks";
			outputPaths = (
				"${TARGET_BUILD_DIR}/${FRAMEWORKS_FOLDER_PATH}/GoogleUtilities.framework",
				"${TARGET_BUILD_DIR}/${FRAMEWORKS_FOLDER_PATH}/Rswift.framework",
				"${TARGET_BUILD_DIR}/${FRAMEWORKS_FOLDER_PATH}/nanopb.framework",
			);
			runOnlyForDeploymentPostprocessing = 0;
			shellPath = /bin/sh;
			shellScript = "\"${PODS_ROOT}/Target Support Files/Pods-SfeirConnect/Pods-SfeirConnect-frameworks.sh\"\n";
			showEnvVarsInLog = 0;
		};
		66F914C822705DCC009839FD /* ShellScript */ = {
			isa = PBXShellScriptBuildPhase;
			buildActionMask = 2147483647;
			files = (
			);
			inputFileListPaths = (
			);
			inputPaths = (
				"$TEMP_DIR/rswift-lastrun",
			);
			outputFileListPaths = (
			);
			outputPaths = (
				$SRCROOT/R.generated.swift,
			);
			runOnlyForDeploymentPostprocessing = 0;
			shellPath = /bin/sh;
			shellScript = "\"$PODS_ROOT/R.swift/rswift\" generate \"$SRCROOT/R.generated.swift\"\n";
		};
		C920F8807B12F23F6118EFAB /* [CP] Copy Pods Resources */ = {
			isa = PBXShellScriptBuildPhase;
			buildActionMask = 2147483647;
			files = (
			);
			inputFileListPaths = (
			);
			inputPaths = (
				"${PODS_ROOT}/Target Support Files/Pods-SfeirConnect/Pods-SfeirConnect-resources.sh",
				"${PODS_ROOT}/TestFairy/upload-dsym.sh",
			);
			name = "[CP] Copy Pods Resources";
			outputFileListPaths = (
			);
			outputPaths = (
				"${TARGET_BUILD_DIR}/${UNLOCALIZED_RESOURCES_FOLDER_PATH}/upload-dsym.sh",
			);
			runOnlyForDeploymentPostprocessing = 0;
			shellPath = /bin/sh;
			shellScript = "\"${PODS_ROOT}/Target Support Files/Pods-SfeirConnect/Pods-SfeirConnect-resources.sh\"\n";
			showEnvVarsInLog = 0;
		};
/* End PBXShellScriptBuildPhase section */

/* Begin PBXSourcesBuildPhase section */
		66F914AE22705AE1009839FD /* Sources */ = {
			isa = PBXSourcesBuildPhase;
			buildActionMask = 2147483647;
			files = (
				66F914D82270AAFD009839FD /* DCButton.swift in Sources */,
				66F914DA2270AC92009839FD /* UIColor+DC.swift in Sources */,
				66F914B822705AE1009839FD /* SignInViewController.swift in Sources */,
				66F914B622705AE1009839FD /* AppDelegate.swift in Sources */,
				66F914CA22705FA3009839FD /* R.generated.swift in Sources */,
				66F914DD2271A51D009839FD /* SignInViewController+Animation.swift in Sources */,
			);
			runOnlyForDeploymentPostprocessing = 0;
		};
/* End PBXSourcesBuildPhase section */

/* Begin PBXVariantGroup section */
		66F914B922705AE1009839FD /* Main.storyboard */ = {
			isa = PBXVariantGroup;
			children = (
				66F914BA22705AE1009839FD /* Base */,
			);
			name = Main.storyboard;
			sourceTree = "<group>";
		};
		66F914BE22705AE2009839FD /* LaunchScreen.storyboard */ = {
			isa = PBXVariantGroup;
			children = (
				66F914BF22705AE2009839FD /* Base */,
			);
			name = LaunchScreen.storyboard;
			sourceTree = "<group>";
		};
/* End PBXVariantGroup section */

/* Begin XCBuildConfiguration section */
		66F914C222705AE2009839FD /* Debug */ = {
			isa = XCBuildConfiguration;
			buildSettings = {
				ALWAYS_SEARCH_USER_PATHS = NO;
				CLANG_ANALYZER_NONNULL = YES;
				CLANG_ANALYZER_NUMBER_OBJECT_CONVERSION = YES_AGGRESSIVE;
				CLANG_CXX_LANGUAGE_STANDARD = "gnu++14";
				CLANG_CXX_LIBRARY = "libc++";
				CLANG_ENABLE_MODULES = YES;
				CLANG_ENABLE_OBJC_ARC = YES;
				CLANG_ENABLE_OBJC_WEAK = YES;
				CLANG_WARN_BLOCK_CAPTURE_AUTORELEASING = YES;
				CLANG_WARN_BOOL_CONVERSION = YES;
				CLANG_WARN_COMMA = YES;
				CLANG_WARN_CONSTANT_CONVERSION = YES;
				CLANG_WARN_DEPRECATED_OBJC_IMPLEMENTATIONS = YES;
				CLANG_WARN_DIRECT_OBJC_ISA_USAGE = YES_ERROR;
				CLANG_WARN_DOCUMENTATION_COMMENTS = YES;
				CLANG_WARN_EMPTY_BODY = YES;
				CLANG_WARN_ENUM_CONVERSION = YES;
				CLANG_WARN_INFINITE_RECURSION = YES;
				CLANG_WARN_INT_CONVERSION = YES;
				CLANG_WARN_NON_LITERAL_NULL_CONVERSION = YES;
				CLANG_WARN_OBJC_IMPLICIT_RETAIN_SELF = YES;
				CLANG_WARN_OBJC_LITERAL_CONVERSION = YES;
				CLANG_WARN_OBJC_ROOT_CLASS = YES_ERROR;
				CLANG_WARN_RANGE_LOOP_ANALYSIS = YES;
				CLANG_WARN_STRICT_PROTOTYPES = YES;
				CLANG_WARN_SUSPICIOUS_MOVE = YES;
				CLANG_WARN_UNGUARDED_AVAILABILITY = YES_AGGRESSIVE;
				CLANG_WARN_UNREACHABLE_CODE = YES;
				CLANG_WARN__DUPLICATE_METHOD_MATCH = YES;
				CODE_SIGN_IDENTITY = "iPhone Developer";
				COPY_PHASE_STRIP = NO;
				DEBUG_INFORMATION_FORMAT = dwarf;
				ENABLE_STRICT_OBJC_MSGSEND = YES;
				ENABLE_TESTABILITY = YES;
				GCC_C_LANGUAGE_STANDARD = gnu11;
				GCC_DYNAMIC_NO_PIC = NO;
				GCC_NO_COMMON_BLOCKS = YES;
				GCC_OPTIMIZATION_LEVEL = 0;
				GCC_PREPROCESSOR_DEFINITIONS = (
					"DEBUG=1",
					"$(inherited)",
				);
				GCC_WARN_64_TO_32_BIT_CONVERSION = YES;
				GCC_WARN_ABOUT_RETURN_TYPE = YES_ERROR;
				GCC_WARN_UNDECLARED_SELECTOR = YES;
				GCC_WARN_UNINITIALIZED_AUTOS = YES_AGGRESSIVE;
				GCC_WARN_UNUSED_FUNCTION = YES;
				GCC_WARN_UNUSED_VARIABLE = YES;
				IPHONEOS_DEPLOYMENT_TARGET = 10.0;
				MTL_ENABLE_DEBUG_INFO = INCLUDE_SOURCE;
				MTL_FAST_MATH = YES;
				ONLY_ACTIVE_ARCH = YES;
				SDKROOT = iphoneos;
				SWIFT_ACTIVE_COMPILATION_CONDITIONS = DEBUG;
				SWIFT_OPTIMIZATION_LEVEL = "-Onone";
			};
			name = Debug;
		};
		66F914C322705AE2009839FD /* Release */ = {
			isa = XCBuildConfiguration;
			buildSettings = {
				ALWAYS_SEARCH_USER_PATHS = NO;
				CLANG_ANALYZER_NONNULL = YES;
				CLANG_ANALYZER_NUMBER_OBJECT_CONVERSION = YES_AGGRESSIVE;
				CLANG_CXX_LANGUAGE_STANDARD = "gnu++14";
				CLANG_CXX_LIBRARY = "libc++";
				CLANG_ENABLE_MODULES = YES;
				CLANG_ENABLE_OBJC_ARC = YES;
				CLANG_ENABLE_OBJC_WEAK = YES;
				CLANG_WARN_BLOCK_CAPTURE_AUTORELEASING = YES;
				CLANG_WARN_BOOL_CONVERSION = YES;
				CLANG_WARN_COMMA = YES;
				CLANG_WARN_CONSTANT_CONVERSION = YES;
				CLANG_WARN_DEPRECATED_OBJC_IMPLEMENTATIONS = YES;
				CLANG_WARN_DIRECT_OBJC_ISA_USAGE = YES_ERROR;
				CLANG_WARN_DOCUMENTATION_COMMENTS = YES;
				CLANG_WARN_EMPTY_BODY = YES;
				CLANG_WARN_ENUM_CONVERSION = YES;
				CLANG_WARN_INFINITE_RECURSION = YES;
				CLANG_WARN_INT_CONVERSION = YES;
				CLANG_WARN_NON_LITERAL_NULL_CONVERSION = YES;
				CLANG_WARN_OBJC_IMPLICIT_RETAIN_SELF = YES;
				CLANG_WARN_OBJC_LITERAL_CONVERSION = YES;
				CLANG_WARN_OBJC_ROOT_CLASS = YES_ERROR;
				CLANG_WARN_RANGE_LOOP_ANALYSIS = YES;
				CLANG_WARN_STRICT_PROTOTYPES = YES;
				CLANG_WARN_SUSPICIOUS_MOVE = YES;
				CLANG_WARN_UNGUARDED_AVAILABILITY = YES_AGGRESSIVE;
				CLANG_WARN_UNREACHABLE_CODE = YES;
				CLANG_WARN__DUPLICATE_METHOD_MATCH = YES;
				CODE_SIGN_IDENTITY = "iPhone Developer";
				COPY_PHASE_STRIP = NO;
				DEBUG_INFORMATION_FORMAT = "dwarf-with-dsym";
				ENABLE_NS_ASSERTIONS = NO;
				ENABLE_STRICT_OBJC_MSGSEND = YES;
				GCC_C_LANGUAGE_STANDARD = gnu11;
				GCC_NO_COMMON_BLOCKS = YES;
				GCC_WARN_64_TO_32_BIT_CONVERSION = YES;
				GCC_WARN_ABOUT_RETURN_TYPE = YES_ERROR;
				GCC_WARN_UNDECLARED_SELECTOR = YES;
				GCC_WARN_UNINITIALIZED_AUTOS = YES_AGGRESSIVE;
				GCC_WARN_UNUSED_FUNCTION = YES;
				GCC_WARN_UNUSED_VARIABLE = YES;
				IPHONEOS_DEPLOYMENT_TARGET = 10.0;
				MTL_ENABLE_DEBUG_INFO = NO;
				MTL_FAST_MATH = YES;
				SDKROOT = iphoneos;
				SWIFT_COMPILATION_MODE = wholemodule;
				SWIFT_OPTIMIZATION_LEVEL = "-O";
				VALIDATE_PRODUCT = YES;
			};
			name = Release;
		};
		66F914C522705AE2009839FD /* Debug */ = {
			isa = XCBuildConfiguration;
			baseConfigurationReference = 7235F8E6E42FB15C20E6A37D /* Pods-SfeirConnect.debug.xcconfig */;
			buildSettings = {
				ASSETCATALOG_COMPILER_APPICON_NAME = AppIcon;
				CODE_SIGN_STYLE = Automatic;
				INFOPLIST_FILE = SfeirConnect/Info.plist;
				LD_RUNPATH_SEARCH_PATHS = (
					"$(inherited)",
					"@executable_path/Frameworks",
				);
				PRODUCT_BUNDLE_IDENTIFIER = com.Ahmed.SfeirConnect;
				PRODUCT_NAME = "$(TARGET_NAME)";
				SWIFT_VERSION = 5.0;
				TARGETED_DEVICE_FAMILY = "1,2";
			};
			name = Debug;
		};
		66F914C622705AE2009839FD /* Release */ = {
			isa = XCBuildConfiguration;
			baseConfigurationReference = C4B3ED1C68B5515FE0F2795F /* Pods-SfeirConnect.release.xcconfig */;
			buildSettings = {
				ASSETCATALOG_COMPILER_APPICON_NAME = AppIcon;
				CODE_SIGN_STYLE = Automatic;
				INFOPLIST_FILE = SfeirConnect/Info.plist;
				LD_RUNPATH_SEARCH_PATHS = (
					"$(inherited)",
					"@executable_path/Frameworks",
				);
				PRODUCT_BUNDLE_IDENTIFIER = com.Ahmed.SfeirConnect;
				PRODUCT_NAME = "$(TARGET_NAME)";
				SWIFT_VERSION = 5.0;
				TARGETED_DEVICE_FAMILY = "1,2";
			};
			name = Release;
		};
/* End XCBuildConfiguration section */

/* Begin XCConfigurationList section */
		66F914AD22705AE1009839FD /* Build configuration list for PBXProject "SfeirConnect" */ = {
			isa = XCConfigurationList;
			buildConfigurations = (
				66F914C222705AE2009839FD /* Debug */,
				66F914C322705AE2009839FD /* Release */,
			);
			defaultConfigurationIsVisible = 0;
			defaultConfigurationName = Release;
		};
		66F914C422705AE2009839FD /* Build configuration list for PBXNativeTarget "SfeirConnect" */ = {
			isa = XCConfigurationList;
			buildConfigurations = (
				66F914C522705AE2009839FD /* Debug */,
				66F914C622705AE2009839FD /* Release */,
			);
			defaultConfigurationIsVisible = 0;
			defaultConfigurationName = Release;
		};
/* End XCConfigurationList section */
	};
	rootObject = 66F914AA22705AE1009839FD /* Project object */;
}
